
Microsoft Visual Studio Solution File, Format Version 12.00
# Visual Studio Version 16
VisualStudioVersion = 16.0.810.23
MinimumVisualStudioVersion = 10.0.40219.1
Project("{FAE04EC0-301F-11D3-BF4B-00C04F79EFBC}") = "dailyreportassignment", "dailyreportassignment\dailyreportassignment.csproj", "{49607B2E-F9CD-4EBA-ACD7-6452C56EB70D}"
EndProject
Global
	GlobalSection(SolutionConfigurationPlatforms) = preSolution
		Debug|Any CPU = Debug|Any CPU
		Release|Any CPU = Release|Any CPU
	EndGlobalSection
	GlobalSection(ProjectConfigurationPlatforms) = postSolution
		{49607B2E-F9CD-4EBA-ACD7-6452C56EB70D}.Debug|Any CPU.ActiveCfg = Debug|Any CPU
		{49607B2E-F9CD-4EBA-ACD7-6452C56EB70D}.Debug|Any CPU.Build.0 = Debug|Any CPU
		{49607B2E-F9CD-4EBA-ACD7-6452C56EB70D}.Release|Any CPU.ActiveCfg = Release|Any CPU
		{49607B2E-F9CD-4EBA-ACD7-6452C56EB70D}.Release|Any CPU.Build.0 = Release|Any CPU
	EndGlobalSection
	GlobalSection(SolutionProperties) = preSolution
		HideSolutionNode = FALSE
	EndGlobalSection
	GlobalSection(ExtensibilityGlobals) = postSolution
		SolutionGuid = {791A9ADB-BCB1-437C-BF07-6CD8265ED880}
	EndGlobalSection
EndGlobal
