
Microsoft Visual Studio Solution File, Format Version 12.00
# Visual Studio Version 16
VisualStudioVersion = 16.0.810.23
MinimumVisualStudioVersion = 10.0.40219.1
Project("{FAE04EC0-301F-11D3-BF4B-00C04F79EFBC}") = "IncomeComparisonAssignment", "IncomeComparisonAssignment\IncomeComparisonAssignment.csproj", "{BF158F6E-657F-4F46-849F-89FB94FF474A}"
EndProject
Global
	GlobalSection(SolutionConfigurationPlatforms) = preSolution
		Debug|Any CPU = Debug|Any CPU
		Release|Any CPU = Release|Any CPU
	EndGlobalSection
	GlobalSection(ProjectConfigurationPlatforms) = postSolution
		{BF158F6E-657F-4F46-849F-89FB94FF474A}.Debug|Any CPU.ActiveCfg = Debug|Any CPU
		{BF158F6E-657F-4F46-849F-89FB94FF474A}.Debug|Any CPU.Build.0 = Debug|Any CPU
		{BF158F6E-657F-4F46-849F-89FB94FF474A}.Release|Any CPU.ActiveCfg = Release|Any CPU
		{BF158F6E-657F-4F46-849F-89FB94FF474A}.Release|Any CPU.Build.0 = Release|Any CPU
	EndGlobalSection
	GlobalSection(SolutionProperties) = preSolution
		HideSolutionNode = FALSE
	EndGlobalSection
	GlobalSection(ExtensibilityGlobals) = postSolution
		SolutionGuid = {31DAF269-6824-4BDD-82FB-50AC32234A4C}
	EndGlobalSection
EndGlobal
